<?xml version="1.0" encoding="UTF-8" standalone="yes" ?>
<CodeBlocks_project_file>
	<FileVersion major="1" minor="6" />
	<Project>
		<Option title="projet C++" />
		<Option pch_mode="2" />
		<Option compiler="gcc" />
		<Build>
			<Target title="Debug">
				<Option output="bin/Debug/projet C++" prefix_auto="1" extension_auto="1" />
				<Option object_output="obj/Debug/" />
				<Option type="1" />
				<Option compiler="gcc" />
				<Compiler>
					<Add option="-g" />
				</Compiler>
			</Target>
			<Target title="Release">
				<Option output="bin/Release/projet C++" prefix_auto="1" extension_auto="1" />
				<Option object_output="obj/Release/" />
				<Option type="1" />
				<Option compiler="gcc" />
				<Compiler>
					<Add option="-O2" />
				</Compiler>
				<Linker>
					<Add option="-s" />
				</Linker>
			</Target>
		</Build>
		<Compiler>
			<Add option="-Wall" />
			<Add option="-fexceptions" />
		</Compiler>
		<Unit filename="admin.cpp">
			<Option target="&lt;{~None~}&gt;" />
		</Unit>
		<Unit filename="admin.h">
			<Option target="&lt;{~None~}&gt;" />
		</Unit>
		<Unit filename="admin_sys.cpp">
			<Option target="&lt;{~None~}&gt;" />
		</Unit>
		<Unit filename="admin_sys.h">
			<Option target="&lt;{~None~}&gt;" />
		</Unit>
		<Unit filename="boisson.cpp">
			<Option target="&lt;{~None~}&gt;" />
		</Unit>
		<Unit filename="boisson.h">
			<Option target="&lt;{~None~}&gt;" />
		</Unit>
		<Unit filename="client.cpp">
			<Option target="&lt;{~None~}&gt;" />
		</Unit>
		<Unit filename="client.h">
			<Option target="&lt;{~None~}&gt;" />
		</Unit>
		<Unit filename="facture.cpp">
			<Option target="&lt;{~None~}&gt;" />
		</Unit>
		<Unit filename="facture.h">
			<Option target="&lt;{~None~}&gt;" />
		</Unit>
		<Unit filename="machine.cpp">
			<Option target="&lt;{~None~}&gt;" />
		</Unit>
		<Unit filename="machine.h">
			<Option target="&lt;{~None~}&gt;" />
		</Unit>
		<Unit filename="main.cpp" />
		<Unit filename="membre.cpp">
			<Option target="&lt;{~None~}&gt;" />
		</Unit>
		<Unit filename="membre.h">
			<Option target="&lt;{~None~}&gt;" />
		</Unit>
		<Unit filename="personne.cpp">
			<Option target="&lt;{~None~}&gt;" />
		</Unit>
		<Unit filename="personne.h">
			<Option target="&lt;{~None~}&gt;" />
		</Unit>
		<Unit filename="poste.cpp">
			<Option target="&lt;{~None~}&gt;" />
		</Unit>
		<Unit filename="poste.h">
			<Option target="&lt;{~None~}&gt;" />
		</Unit>
		<Unit filename="promotion.cpp">
			<Option target="&lt;{~None~}&gt;" />
		</Unit>
		<Unit filename="promotion.h">
			<Option target="&lt;{~None~}&gt;" />
		</Unit>
		<Unit filename="service.cpp">
			<Option target="&lt;{~None~}&gt;" />
		</Unit>
		<Unit filename="service.h">
			<Option target="&lt;{~None~}&gt;" />
		</Unit>
		<Unit filename="session.cpp">
			<Option target="&lt;{~None~}&gt;" />
		</Unit>
		<Unit filename="session.h">
			<Option target="&lt;{~None~}&gt;" />
		</Unit>
		<Unit filename="statistic.h">
			<Option target="&lt;{~None~}&gt;" />
		</Unit>
		<Unit filename="statistics.cpp">
			<Option target="&lt;{~None~}&gt;" />
		</Unit>
		<Unit filename="tarif.cpp">
			<Option target="&lt;{~None~}&gt;" />
		</Unit>
		<Unit filename="tarif.h">
			<Option target="&lt;{~None~}&gt;" />
		</Unit>
		<Unit filename="tarifboisson.cpp">
			<Option target="&lt;{~None~}&gt;" />
		</Unit>
		<Unit filename="tarifboisson.h">
			<Option target="&lt;{~None~}&gt;" />
		</Unit>
		<Unit filename="tarifservice.cpp">
			<Option target="&lt;{~None~}&gt;" />
		</Unit>
		<Unit filename="tarifservice.h">
			<Option target="&lt;{~None~}&gt;" />
		</Unit>
		<Extensions />
	</Project>
</CodeBlocks_project_file>
